
Microsoft Visual Studio Solution File, Format Version 12.00
# Visual Studio Version 17
VisualStudioVersion = 17.5.002.0
MinimumVisualStudioVersion = 10.0.40219.1
Project("{9A19103F-16F7-4668-BE54-9A1E7A4F7556}") = "Ceng382_23_24_s_202011043", "Ceng382_23_24_s_202011043.csproj", "{2B3DBDC3-7C40-42A6-A726-804B862D568E}"
EndProject
Global
	GlobalSection(SolutionConfigurationPlatforms) = preSolution
		Debug|Any CPU = Debug|Any CPU
		Release|Any CPU = Release|Any CPU
	EndGlobalSection
	GlobalSection(ProjectConfigurationPlatforms) = postSolution
		{2B3DBDC3-7C40-42A6-A726-804B862D568E}.Debug|Any CPU.ActiveCfg = Debug|Any CPU
		{2B3DBDC3-7C40-42A6-A726-804B862D568E}.Debug|Any CPU.Build.0 = Debug|Any CPU
		{2B3DBDC3-7C40-42A6-A726-804B862D568E}.Release|Any CPU.ActiveCfg = Release|Any CPU
		{2B3DBDC3-7C40-42A6-A726-804B862D568E}.Release|Any CPU.Build.0 = Release|Any CPU
	EndGlobalSection
	GlobalSection(SolutionProperties) = preSolution
		HideSolutionNode = FALSE
	EndGlobalSection
	GlobalSection(ExtensibilityGlobals) = postSolution
		SolutionGuid = {28B6859E-3444-4F1D-A0F2-14607E921082}
	EndGlobalSection
EndGlobal
