
Microsoft Visual Studio Solution File, Format Version 12.00
# Visual Studio Version 17
VisualStudioVersion = 17.5.002.0
MinimumVisualStudioVersion = 10.0.40219.1
Project("{9A19103F-16F7-4668-BE54-9A1E7A4F7556}") = "LabProject", "LabProject.csproj", "{51D6D878-413C-40E6-AAC4-12184A7DAC03}"
EndProject
Global
	GlobalSection(SolutionConfigurationPlatforms) = preSolution
		Debug|Any CPU = Debug|Any CPU
		Release|Any CPU = Release|Any CPU
	EndGlobalSection
	GlobalSection(ProjectConfigurationPlatforms) = postSolution
		{51D6D878-413C-40E6-AAC4-12184A7DAC03}.Debug|Any CPU.ActiveCfg = Debug|Any CPU
		{51D6D878-413C-40E6-AAC4-12184A7DAC03}.Debug|Any CPU.Build.0 = Debug|Any CPU
		{51D6D878-413C-40E6-AAC4-12184A7DAC03}.Release|Any CPU.ActiveCfg = Release|Any CPU
		{51D6D878-413C-40E6-AAC4-12184A7DAC03}.Release|Any CPU.Build.0 = Release|Any CPU
	EndGlobalSection
	GlobalSection(SolutionProperties) = preSolution
		HideSolutionNode = FALSE
	EndGlobalSection
	GlobalSection(ExtensibilityGlobals) = postSolution
		SolutionGuid = {28C7710B-5F58-45EF-BF55-D905F43853B6}
	EndGlobalSection
EndGlobal
